<?xml version="1.0" encoding="utf-8"?>
<Project ToolsVersion="4.0" xmlns="http://schemas.microsoft.com/developer/msbuild/2003">
  <ItemGroup>
    <ClCompile Include="main.cpp" />
    <ClCompile Include="include\imgui\imgui.cpp">
      <Filter>include\imgui</Filter>
    </ClCompile>
    <ClCompile Include="include\imgui\imgui_demo.cpp">
      <Filter>include\imgui</Filter>
    </ClCompile>
    <ClCompile Include="include\imgui\imgui_draw.cpp">
      <Filter>include\imgui</Filter>
    </ClCompile>
    <ClCompile Include="include\imgui\imgui_tables.cpp">
      <Filter>include\imgui</Filter>
    </ClCompile>
    <ClCompile Include="include\imgui\imgui_widgets.cpp">
      <Filter>include\imgui</Filter>
    </ClCompile>
    <ClCompile Include="include\imgui\imgui-SFML.cpp">
      <Filter>include\imgui</Filter>
    </ClCompile>
    <ClCompile Include="source\shader_loader.cpp">
      <Filter>source</Filter>
    </ClCompile>
  </ItemGroup>
  <ItemGroup>
    <None Include="output_shader.frag" />
  </ItemGroup>
  <ItemGroup>
    <Filter Include="source">
      <UniqueIdentifier>{ef12079d-e0ee-4050-8f0a-4439a73f230d}</UniqueIdentifier>
    </Filter>
    <Filter Include="include">
      <UniqueIdentifier>{06d7566b-c3d6-4ad3-81ec-de192aba9e15}</UniqueIdentifier>
    </Filter>
    <Filter Include="include\imgui">
      <UniqueIdentifier>{3f58cbba-8ce0-44ff-bf8d-3b63ab948dab}</UniqueIdentifier>
    </Filter>
  </ItemGroup>
  <ItemGroup>
    <ClInclude Include="include\imgui\imconfig.h">
      <Filter>include\imgui</Filter>
    </ClInclude>
    <ClInclude Include="include\imgui\imgui.h">
      <Filter>include\imgui</Filter>
    </ClInclude>
    <ClInclude Include="include\imgui\imgui_internal.h">
      <Filter>include\imgui</Filter>
    </ClInclude>
    <ClInclude Include="include\imgui\imgui-SFML.h">
      <Filter>include\imgui</Filter>
    </ClInclude>
    <ClInclude Include="include\imgui\imgui-SFML_export.h">
      <Filter>include\imgui</Filter>
    </ClInclude>
    <ClInclude Include="include\imgui\imstb_rectpack.h">
      <Filter>include\imgui</Filter>
    </ClInclude>
    <ClInclude Include="include\imgui\imstb_textedit.h">
      <Filter>include\imgui</Filter>
    </ClInclude>
    <ClInclude Include="include\imgui\imstb_truetype.h">
      <Filter>include\imgui</Filter>
    </ClInclude>
    <ClInclude Include="source\shader_loader.h">
      <Filter>source</Filter>
    </ClInclude>
  </ItemGroup>
</Project>